{
	"name": "mu-auth",
	"lockfileVersion": 3,
	"requires": true,
	"packages": {
		"": {
			"devDependencies": {
				"lefthook": "^1.7.16"
			}
		},
		"node_modules/lefthook": {
			"version": "1.7.16",
			"resolved": "https://registry.npmjs.org/lefthook/-/lefthook-1.7.16.tgz",
			"integrity": "sha512-ApzyQnsa3t4YBdbI+nvGVXOuNTNP02Fh+haoDj4f/Sjjlo3S+19OmPdFtJAKcz1ziOL52iq1q3rTLIOtOXNDZg==",
			"dev": true,
			"hasInstallScript": true,
			"license": "MIT",
			"bin": {
				"lefthook": "bin/index.js"
			},
			"optionalDependencies": {
				"lefthook-darwin-arm64": "1.7.16",
				"lefthook-darwin-x64": "1.7.16",
				"lefthook-freebsd-arm64": "1.7.16",
				"lefthook-freebsd-x64": "1.7.16",
				"lefthook-linux-arm64": "1.7.16",
				"lefthook-linux-x64": "1.7.16",
				"lefthook-openbsd-arm64": "1.7.16",
				"lefthook-openbsd-x64": "1.7.16",
				"lefthook-windows-arm64": "1.7.16",
				"lefthook-windows-x64": "1.7.16"
			}
		},
		"node_modules/lefthook-darwin-arm64": {
			"version": "1.7.16",
			"resolved": "https://registry.npmjs.org/lefthook-darwin-arm64/-/lefthook-darwin-arm64-1.7.16.tgz",
			"integrity": "sha512-T7VRvfWpCE4IaT2jQnZIT4VVJ+Igj3/DE9Mzlt/Zk8yVn7E9hm+DvvAvj3mOlQtFq1tn5IlJZ6sgogjxpjtgMg==",
			"cpu": [
				"arm64"
			],
			"dev": true,
			"license": "MIT",
			"optional": true,
			"os": [
				"darwin"
			]
		},
		"node_modules/lefthook-darwin-x64": {
			"version": "1.7.16",
			"resolved": "https://registry.npmjs.org/lefthook-darwin-x64/-/lefthook-darwin-x64-1.7.16.tgz",
			"integrity": "sha512-SmwulM8QOcqvOYZMrTtVdvIqv6hKk2rBT3JzEyyOJ2kLiBDrfJs/r5dlkLuM06jOqxF5M9WvArb3dUHBkkmewQ==",
			"cpu": [
				"x64"
			],
			"dev": true,
			"license": "MIT",
			"optional": true,
			"os": [
				"darwin"
			]
		},
		"node_modules/lefthook-freebsd-arm64": {
			"version": "1.7.16",
			"resolved": "https://registry.npmjs.org/lefthook-freebsd-arm64/-/lefthook-freebsd-arm64-1.7.16.tgz",
			"integrity": "sha512-YUPpiGVB1i9/OrDwm3tKSYmiip01eqa1gDY79MHj/lj7qLVkqzQsohx+xs/XroZZ/U6CdmLpOHQPXIIZ5FAL6Q==",
			"cpu": [
				"arm64"
			],
			"dev": true,
			"license": "MIT",
			"optional": true,
			"os": [
				"freebsd"
			]
		},
		"node_modules/lefthook-freebsd-x64": {
			"version": "1.7.16",
			"resolved": "https://registry.npmjs.org/lefthook-freebsd-x64/-/lefthook-freebsd-x64-1.7.16.tgz",
			"integrity": "sha512-4KflUJXY7sO7Ikzk9J+6GjzQZaGos67qehi0I343MhpRtCXGOLQWbVT4IMUFZjF+pybu5HfrX6VNcGDF6mTubQ==",
			"cpu": [
				"x64"
			],
			"dev": true,
			"license": "MIT",
			"optional": true,
			"os": [
				"freebsd"
			]
		},
		"node_modules/lefthook-linux-arm64": {
			"version": "1.7.16",
			"resolved": "https://registry.npmjs.org/lefthook-linux-arm64/-/lefthook-linux-arm64-1.7.16.tgz",
			"integrity": "sha512-QUiqaBNM3dGHKXNVdcZnYtGb/Jz4qnVrW6L5DMHLJ4ns/w09z3lduYJo/1EZg9QW8+0HD6IYwA3laYRnH+WXtg==",
			"cpu": [
				"arm64"
			],
			"dev": true,
			"license": "MIT",
			"optional": true,
			"os": [
				"linux"
			]
		},
		"node_modules/lefthook-linux-x64": {
			"version": "1.7.16",
			"resolved": "https://registry.npmjs.org/lefthook-linux-x64/-/lefthook-linux-x64-1.7.16.tgz",
			"integrity": "sha512-jw18PlmZv+5EW0o/7A8r4Y/+Yc4pFh49xpECEts3m+LuWSeMyaubfOVaBuYEoBLC8ksSGDkZ2ocgXtlc81hvFQ==",
			"cpu": [
				"x64"
			],
			"dev": true,
			"license": "MIT",
			"optional": true,
			"os": [
				"linux"
			]
		},
		"node_modules/lefthook-openbsd-arm64": {
			"version": "1.7.16",
			"resolved": "https://registry.npmjs.org/lefthook-openbsd-arm64/-/lefthook-openbsd-arm64-1.7.16.tgz",
			"integrity": "sha512-OBuelWygkF37AC44Qj1v+XP6TT4xH8xtvJoa55VstpY0KcA++q1hLDyMjeAake4y6r2JDV3cPxgGjuVoexLorg==",
			"cpu": [
				"arm64"
			],
			"dev": true,
			"license": "MIT",
			"optional": true,
			"os": [
				"openbsd"
			]
		},
		"node_modules/lefthook-openbsd-x64": {
			"version": "1.7.16",
			"resolved": "https://registry.npmjs.org/lefthook-openbsd-x64/-/lefthook-openbsd-x64-1.7.16.tgz",
			"integrity": "sha512-wvXlaWQVndvEJKCUMdC2DhBdeSzN+RaNfUEXfPgh+5rg5a3DACHXt1A+QLP7eNDz4+87mzKltED9QtlS1VNQdg==",
			"cpu": [
				"x64"
			],
			"dev": true,
			"license": "MIT",
			"optional": true,
			"os": [
				"openbsd"
			]
		},
		"node_modules/lefthook-windows-arm64": {
			"version": "1.7.16",
			"resolved": "https://registry.npmjs.org/lefthook-windows-arm64/-/lefthook-windows-arm64-1.7.16.tgz",
			"integrity": "sha512-6TpgtEDbWqQ6I0BQUGNNzAH8xnlMFOOvDUl0NA1eMo40PgTBL/avNgjP84HQ4hKfFuSzN7s9yrwAlkQdZ9KqUg==",
			"cpu": [
				"arm64"
			],
			"dev": true,
			"license": "MIT",
			"optional": true,
			"os": [
				"win32"
			]
		},
		"node_modules/lefthook-windows-x64": {
			"version": "1.7.16",
			"resolved": "https://registry.npmjs.org/lefthook-windows-x64/-/lefthook-windows-x64-1.7.16.tgz",
			"integrity": "sha512-EDUQff+mmW7ygWTzIrVxJG0L4mEPt5yOR8OzxqUmIcaqDEhIrtVYIbA/F63iRJmWDC2DBJiHoX4zX44KnZgMRQ==",
			"cpu": [
				"x64"
			],
			"dev": true,
			"license": "MIT",
			"optional": true,
			"os": [
				"win32"
			]
		}
	}
}
